
Microsoft Visual Studio Solution File, Format Version 12.00
# Visual Studio Version 17
VisualStudioVersion = 17.0.32126.317
MinimumVisualStudioVersion = 10.0.40219.1
Project("{9A19103F-16F7-4668-BE54-9A1E7A4F7556}") = "Lab1", "Labs1-2\Lab1\Lab1.csproj", "{FB79454B-F2B7-4CE5-BF76-3E739BDD4DC5}"
EndProject
Project("{9A19103F-16F7-4668-BE54-9A1E7A4F7556}") = "Lab2", "Labs1-2\Lab2\Lab2.csproj", "{BDD2053D-1EF7-4E50-8CBE-2FF1C01B15A4}"
EndProject
Project("{9A19103F-16F7-4668-BE54-9A1E7A4F7556}") = "Examples", "Labs1-2\Examples\Examples.csproj", "{81A13997-2546-4605-99D8-05DEBC9C66AB}"
EndProject
Project("{2150E333-8FDC-42A3-9474-1A3956D46DE8}") = "DataStructure", "DataStructure", "{FE1A8C0D-E410-4E94-94A6-1548518FC1DC}"
EndProject
Project("{2150E333-8FDC-42A3-9474-1A3956D46DE8}") = "DataStructures.Tests", "DataStructures.Tests", "{5930A24C-7BF6-4978-8B64-117570A332FE}"
EndProject
Global
	GlobalSection(SolutionConfigurationPlatforms) = preSolution
		Debug|Any CPU = Debug|Any CPU
		Release|Any CPU = Release|Any CPU
	EndGlobalSection
	GlobalSection(ProjectConfigurationPlatforms) = postSolution
		{FB79454B-F2B7-4CE5-BF76-3E739BDD4DC5}.Debug|Any CPU.ActiveCfg = Debug|Any CPU
		{FB79454B-F2B7-4CE5-BF76-3E739BDD4DC5}.Debug|Any CPU.Build.0 = Debug|Any CPU
		{FB79454B-F2B7-4CE5-BF76-3E739BDD4DC5}.Release|Any CPU.ActiveCfg = Release|Any CPU
		{FB79454B-F2B7-4CE5-BF76-3E739BDD4DC5}.Release|Any CPU.Build.0 = Release|Any CPU
		{BDD2053D-1EF7-4E50-8CBE-2FF1C01B15A4}.Debug|Any CPU.ActiveCfg = Debug|Any CPU
		{BDD2053D-1EF7-4E50-8CBE-2FF1C01B15A4}.Debug|Any CPU.Build.0 = Debug|Any CPU
		{BDD2053D-1EF7-4E50-8CBE-2FF1C01B15A4}.Release|Any CPU.ActiveCfg = Release|Any CPU
		{BDD2053D-1EF7-4E50-8CBE-2FF1C01B15A4}.Release|Any CPU.Build.0 = Release|Any CPU
		{81A13997-2546-4605-99D8-05DEBC9C66AB}.Debug|Any CPU.ActiveCfg = Debug|Any CPU
		{81A13997-2546-4605-99D8-05DEBC9C66AB}.Debug|Any CPU.Build.0 = Debug|Any CPU
		{81A13997-2546-4605-99D8-05DEBC9C66AB}.Release|Any CPU.ActiveCfg = Release|Any CPU
		{81A13997-2546-4605-99D8-05DEBC9C66AB}.Release|Any CPU.Build.0 = Release|Any CPU
	EndGlobalSection
	GlobalSection(SolutionProperties) = preSolution
		HideSolutionNode = FALSE
	EndGlobalSection
	GlobalSection(NestedProjects) = preSolution
		{FB79454B-F2B7-4CE5-BF76-3E739BDD4DC5} = {FE1A8C0D-E410-4E94-94A6-1548518FC1DC}
		{BDD2053D-1EF7-4E50-8CBE-2FF1C01B15A4} = {5930A24C-7BF6-4978-8B64-117570A332FE}
	EndGlobalSection
	GlobalSection(ExtensibilityGlobals) = postSolution
		SolutionGuid = {F012E80E-1449-481B-A20D-7A8E34A99E0A}
	EndGlobalSection
EndGlobal
