
Microsoft Visual Studio Solution File, Format Version 12.00
# Visual Studio Version 17
VisualStudioVersion = 17.1.32421.90
MinimumVisualStudioVersion = 10.0.40219.1
Project("{FAE04EC0-301F-11D3-BF4B-00C04F79EFBC}") = "PL.Console", "PL.Console.csproj", "{010E5727-579A-474B-A9C0-9F1937CECD7A}"
EndProject
Project("{FAE04EC0-301F-11D3-BF4B-00C04F79EFBC}") = "DAL", "..\DAL\DAL.csproj", "{0C578C37-87C7-4D16-BD76-4E941D2E4DD4}"
EndProject
Project("{FAE04EC0-301F-11D3-BF4B-00C04F79EFBC}") = "BLL", "..\BLL\BLL.csproj", "{B8E8DCE3-A507-44E3-B603-22978B1D51CC}"
EndProject
Project("{FAE04EC0-301F-11D3-BF4B-00C04F79EFBC}") = "PL.WEB", "..\PL.WEB\PL.WEB.csproj", "{57BAE6E1-0EB3-41B8-ACDD-7CB3094D9BD2}"
EndProject
Global
	GlobalSection(SolutionConfigurationPlatforms) = preSolution
		Debug|Any CPU = Debug|Any CPU
		Release|Any CPU = Release|Any CPU
	EndGlobalSection
	GlobalSection(ProjectConfigurationPlatforms) = postSolution
		{010E5727-579A-474B-A9C0-9F1937CECD7A}.Debug|Any CPU.ActiveCfg = Debug|Any CPU
		{010E5727-579A-474B-A9C0-9F1937CECD7A}.Debug|Any CPU.Build.0 = Debug|Any CPU
		{010E5727-579A-474B-A9C0-9F1937CECD7A}.Release|Any CPU.ActiveCfg = Release|Any CPU
		{010E5727-579A-474B-A9C0-9F1937CECD7A}.Release|Any CPU.Build.0 = Release|Any CPU
		{0C578C37-87C7-4D16-BD76-4E941D2E4DD4}.Debug|Any CPU.ActiveCfg = Debug|Any CPU
		{0C578C37-87C7-4D16-BD76-4E941D2E4DD4}.Debug|Any CPU.Build.0 = Debug|Any CPU
		{0C578C37-87C7-4D16-BD76-4E941D2E4DD4}.Release|Any CPU.ActiveCfg = Release|Any CPU
		{0C578C37-87C7-4D16-BD76-4E941D2E4DD4}.Release|Any CPU.Build.0 = Release|Any CPU
		{B8E8DCE3-A507-44E3-B603-22978B1D51CC}.Debug|Any CPU.ActiveCfg = Debug|Any CPU
		{B8E8DCE3-A507-44E3-B603-22978B1D51CC}.Debug|Any CPU.Build.0 = Debug|Any CPU
		{B8E8DCE3-A507-44E3-B603-22978B1D51CC}.Release|Any CPU.ActiveCfg = Release|Any CPU
		{B8E8DCE3-A507-44E3-B603-22978B1D51CC}.Release|Any CPU.Build.0 = Release|Any CPU
		{57BAE6E1-0EB3-41B8-ACDD-7CB3094D9BD2}.Debug|Any CPU.ActiveCfg = Debug|Any CPU
		{57BAE6E1-0EB3-41B8-ACDD-7CB3094D9BD2}.Debug|Any CPU.Build.0 = Debug|Any CPU
		{57BAE6E1-0EB3-41B8-ACDD-7CB3094D9BD2}.Release|Any CPU.ActiveCfg = Release|Any CPU
		{57BAE6E1-0EB3-41B8-ACDD-7CB3094D9BD2}.Release|Any CPU.Build.0 = Release|Any CPU
	EndGlobalSection
	GlobalSection(SolutionProperties) = preSolution
		HideSolutionNode = FALSE
	EndGlobalSection
	GlobalSection(ExtensibilityGlobals) = postSolution
		SolutionGuid = {43F8376C-ED36-4DE7-9D8D-B2B27400867D}
	EndGlobalSection
EndGlobal
