
Microsoft Visual Studio Solution File, Format Version 12.00
# Visual Studio Version 17
VisualStudioVersion = 17.0.32126.317
MinimumVisualStudioVersion = 10.0.40219.1
Project("{FAE04EC0-301F-11D3-BF4B-00C04F79EFBC}") = "Labs", "Labs.csproj", "{C9CE44DD-CBCF-49EC-A4CB-5266876DA1C5}"
EndProject
Project("{FAE04EC0-301F-11D3-BF4B-00C04F79EFBC}") = "Lab1", "..\Lab1\Lab1.csproj", "{66069B25-C634-4ADA-85A9-A1B08AAC533C}"
EndProject
Project("{FAE04EC0-301F-11D3-BF4B-00C04F79EFBC}") = "Lab2", "..\Lab2\Lab2.csproj", "{772183E7-4468-4B2B-8AD7-13FDBD80B41D}"
EndProject
Global
	GlobalSection(SolutionConfigurationPlatforms) = preSolution
		Debug|Any CPU = Debug|Any CPU
		Release|Any CPU = Release|Any CPU
	EndGlobalSection
	GlobalSection(ProjectConfigurationPlatforms) = postSolution
		{C9CE44DD-CBCF-49EC-A4CB-5266876DA1C5}.Debug|Any CPU.ActiveCfg = Debug|Any CPU
		{C9CE44DD-CBCF-49EC-A4CB-5266876DA1C5}.Debug|Any CPU.Build.0 = Debug|Any CPU
		{C9CE44DD-CBCF-49EC-A4CB-5266876DA1C5}.Release|Any CPU.ActiveCfg = Release|Any CPU
		{C9CE44DD-CBCF-49EC-A4CB-5266876DA1C5}.Release|Any CPU.Build.0 = Release|Any CPU
		{66069B25-C634-4ADA-85A9-A1B08AAC533C}.Debug|Any CPU.ActiveCfg = Debug|Any CPU
		{66069B25-C634-4ADA-85A9-A1B08AAC533C}.Debug|Any CPU.Build.0 = Debug|Any CPU
		{66069B25-C634-4ADA-85A9-A1B08AAC533C}.Release|Any CPU.ActiveCfg = Release|Any CPU
		{66069B25-C634-4ADA-85A9-A1B08AAC533C}.Release|Any CPU.Build.0 = Release|Any CPU
		{772183E7-4468-4B2B-8AD7-13FDBD80B41D}.Debug|Any CPU.ActiveCfg = Debug|Any CPU
		{772183E7-4468-4B2B-8AD7-13FDBD80B41D}.Debug|Any CPU.Build.0 = Debug|Any CPU
		{772183E7-4468-4B2B-8AD7-13FDBD80B41D}.Release|Any CPU.ActiveCfg = Release|Any CPU
		{772183E7-4468-4B2B-8AD7-13FDBD80B41D}.Release|Any CPU.Build.0 = Release|Any CPU
	EndGlobalSection
	GlobalSection(SolutionProperties) = preSolution
		HideSolutionNode = FALSE
	EndGlobalSection
	GlobalSection(ExtensibilityGlobals) = postSolution
		SolutionGuid = {F012E80E-1449-481B-A20D-7A8E34A99E0A}
	EndGlobalSection
EndGlobal
